
Microsoft Visual Studio Solution File, Format Version 12.00
# Visual Studio Version 17
VisualStudioVersion = 17.11.35222.181
MinimumVisualStudioVersion = 10.0.40219.1
Project("{FAE04EC0-301F-11D3-BF4B-00C04F79EFBC}") = "NullableReferenceTypes", "NullableReferenceTypes.csproj", "{11CAAB3E-6674-4B66-91F8-1915B260A475}"
EndProject
Global
	GlobalSection(SolutionConfigurationPlatforms) = preSolution
		Debug|Any CPU = Debug|Any CPU
		Release|Any CPU = Release|Any CPU
	EndGlobalSection
	GlobalSection(ProjectConfigurationPlatforms) = postSolution
		{11CAAB3E-6674-4B66-91F8-1915B260A475}.Debug|Any CPU.ActiveCfg = Debug|Any CPU
		{11CAAB3E-6674-4B66-91F8-1915B260A475}.Debug|Any CPU.Build.0 = Debug|Any CPU
		{11CAAB3E-6674-4B66-91F8-1915B260A475}.Release|Any CPU.ActiveCfg = Release|Any CPU
		{11CAAB3E-6674-4B66-91F8-1915B260A475}.Release|Any CPU.Build.0 = Release|Any CPU
	EndGlobalSection
	GlobalSection(SolutionProperties) = preSolution
		HideSolutionNode = FALSE
	EndGlobalSection
	GlobalSection(ExtensibilityGlobals) = postSolution
		SolutionGuid = {35167F54-4082-45DD-9D22-8596BB64C738}
	EndGlobalSection
EndGlobal
