
Microsoft Visual Studio Solution File, Format Version 12.00
# Visual Studio Version 17
VisualStudioVersion = 17.11.35312.102
MinimumVisualStudioVersion = 10.0.40219.1
Project("{9A19103F-16F7-4668-BE54-9A1E7A4F7556}") = "OrderManagement.Api", "OrderManagement.Api\OrderManagement.Api.csproj", "{0C54DD3C-7128-4920-A15A-D5A0C98D4F6F}"
EndProject
Project("{9A19103F-16F7-4668-BE54-9A1E7A4F7556}") = "OrderManagement.Domain", "OrderManagement.Domain\OrderManagement.Domain.csproj", "{679E1AC7-0132-4C37-ABE5-260AA4B93A3C}"
EndProject
Project("{9A19103F-16F7-4668-BE54-9A1E7A4F7556}") = "OrderManagement.Logic", "OrderManagement.Logic\OrderManagement.Logic.csproj", "{DDD5F45A-29A1-4E39-9305-D1FF3F177277}"
EndProject
Project("{9A19103F-16F7-4668-BE54-9A1E7A4F7556}") = "OrderManagement.JavaScriptClient", "OrderManagement.JavaScriptClient\OrderManagement.JavaScriptClient.csproj", "{BF25CCEF-D469-4372-BA32-0EE4392C9B8A}"
EndProject
Global
	GlobalSection(SolutionConfigurationPlatforms) = preSolution
		Debug|Any CPU = Debug|Any CPU
		Release|Any CPU = Release|Any CPU
	EndGlobalSection
	GlobalSection(ProjectConfigurationPlatforms) = postSolution
		{0C54DD3C-7128-4920-A15A-D5A0C98D4F6F}.Debug|Any CPU.ActiveCfg = Debug|Any CPU
		{0C54DD3C-7128-4920-A15A-D5A0C98D4F6F}.Debug|Any CPU.Build.0 = Debug|Any CPU
		{0C54DD3C-7128-4920-A15A-D5A0C98D4F6F}.Release|Any CPU.ActiveCfg = Release|Any CPU
		{0C54DD3C-7128-4920-A15A-D5A0C98D4F6F}.Release|Any CPU.Build.0 = Release|Any CPU
		{679E1AC7-0132-4C37-ABE5-260AA4B93A3C}.Debug|Any CPU.ActiveCfg = Debug|Any CPU
		{679E1AC7-0132-4C37-ABE5-260AA4B93A3C}.Debug|Any CPU.Build.0 = Debug|Any CPU
		{679E1AC7-0132-4C37-ABE5-260AA4B93A3C}.Release|Any CPU.ActiveCfg = Release|Any CPU
		{679E1AC7-0132-4C37-ABE5-260AA4B93A3C}.Release|Any CPU.Build.0 = Release|Any CPU
		{DDD5F45A-29A1-4E39-9305-D1FF3F177277}.Debug|Any CPU.ActiveCfg = Debug|Any CPU
		{DDD5F45A-29A1-4E39-9305-D1FF3F177277}.Debug|Any CPU.Build.0 = Debug|Any CPU
		{DDD5F45A-29A1-4E39-9305-D1FF3F177277}.Release|Any CPU.ActiveCfg = Release|Any CPU
		{DDD5F45A-29A1-4E39-9305-D1FF3F177277}.Release|Any CPU.Build.0 = Release|Any CPU
		{BF25CCEF-D469-4372-BA32-0EE4392C9B8A}.Debug|Any CPU.ActiveCfg = Debug|Any CPU
		{BF25CCEF-D469-4372-BA32-0EE4392C9B8A}.Debug|Any CPU.Build.0 = Debug|Any CPU
		{BF25CCEF-D469-4372-BA32-0EE4392C9B8A}.Release|Any CPU.ActiveCfg = Release|Any CPU
		{BF25CCEF-D469-4372-BA32-0EE4392C9B8A}.Release|Any CPU.Build.0 = Release|Any CPU
	EndGlobalSection
	GlobalSection(SolutionProperties) = preSolution
		HideSolutionNode = FALSE
	EndGlobalSection
	GlobalSection(ExtensibilityGlobals) = postSolution
		SolutionGuid = {37452B42-8AFE-40AF-A806-2AB2928F29CA}
	EndGlobalSection
EndGlobal
